
Microsoft Visual Studio Solution File, Format Version 12.00
# Visual Studio Version 17
VisualStudioVersion = 17.8.34316.72
MinimumVisualStudioVersion = 10.0.40219.1
Project("{9A19103F-16F7-4668-BE54-9A1E7A4F7556}") = "EuroNext", "EuroNext.csproj", "{AC5E360B-27F0-452C-82BC-175491D67387}"
EndProject
Project("{9A19103F-16F7-4668-BE54-9A1E7A4F7556}") = "EuroNext.Infrastructure", "..\EuroNext.Infrastructure\EuroNext.Infrastructure.csproj", "{5EB77542-ADF1-4AD1-8DC8-73E3637136F7}"
EndProject
Project("{9A19103F-16F7-4668-BE54-9A1E7A4F7556}") = "EuroNext.Domain", "..\Euronext.Domain\EuroNext.Domain.csproj", "{AD7C36D9-C88C-41D1-8429-E58D3C8AFDA3}"
EndProject
Project("{9A19103F-16F7-4668-BE54-9A1E7A4F7556}") = "EuroNext.Application", "..\EuroNext.Application\EuroNext.Application.csproj", "{D61BD2A7-84B3-4F70-8353-62552668CEF8}"
EndProject
Project("{9A19103F-16F7-4668-BE54-9A1E7A4F7556}") = "EuroNext.Test", "..\EuroNext.Test\EuroNext.Test.csproj", "{3410CFDA-22CF-4EA5-A89F-02266B14179E}"
EndProject
Global
	GlobalSection(SolutionConfigurationPlatforms) = preSolution
		Debug|Any CPU = Debug|Any CPU
		Release|Any CPU = Release|Any CPU
	EndGlobalSection
	GlobalSection(ProjectConfigurationPlatforms) = postSolution
		{AC5E360B-27F0-452C-82BC-175491D67387}.Debug|Any CPU.ActiveCfg = Debug|Any CPU
		{AC5E360B-27F0-452C-82BC-175491D67387}.Debug|Any CPU.Build.0 = Debug|Any CPU
		{AC5E360B-27F0-452C-82BC-175491D67387}.Release|Any CPU.ActiveCfg = Release|Any CPU
		{AC5E360B-27F0-452C-82BC-175491D67387}.Release|Any CPU.Build.0 = Release|Any CPU
		{5EB77542-ADF1-4AD1-8DC8-73E3637136F7}.Debug|Any CPU.ActiveCfg = Debug|Any CPU
		{5EB77542-ADF1-4AD1-8DC8-73E3637136F7}.Debug|Any CPU.Build.0 = Debug|Any CPU
		{5EB77542-ADF1-4AD1-8DC8-73E3637136F7}.Release|Any CPU.ActiveCfg = Release|Any CPU
		{5EB77542-ADF1-4AD1-8DC8-73E3637136F7}.Release|Any CPU.Build.0 = Release|Any CPU
		{AD7C36D9-C88C-41D1-8429-E58D3C8AFDA3}.Debug|Any CPU.ActiveCfg = Debug|Any CPU
		{AD7C36D9-C88C-41D1-8429-E58D3C8AFDA3}.Debug|Any CPU.Build.0 = Debug|Any CPU
		{AD7C36D9-C88C-41D1-8429-E58D3C8AFDA3}.Release|Any CPU.ActiveCfg = Release|Any CPU
		{AD7C36D9-C88C-41D1-8429-E58D3C8AFDA3}.Release|Any CPU.Build.0 = Release|Any CPU
		{D61BD2A7-84B3-4F70-8353-62552668CEF8}.Debug|Any CPU.ActiveCfg = Debug|Any CPU
		{D61BD2A7-84B3-4F70-8353-62552668CEF8}.Debug|Any CPU.Build.0 = Debug|Any CPU
		{D61BD2A7-84B3-4F70-8353-62552668CEF8}.Release|Any CPU.ActiveCfg = Release|Any CPU
		{D61BD2A7-84B3-4F70-8353-62552668CEF8}.Release|Any CPU.Build.0 = Release|Any CPU
		{3410CFDA-22CF-4EA5-A89F-02266B14179E}.Debug|Any CPU.ActiveCfg = Debug|Any CPU
		{3410CFDA-22CF-4EA5-A89F-02266B14179E}.Debug|Any CPU.Build.0 = Debug|Any CPU
		{3410CFDA-22CF-4EA5-A89F-02266B14179E}.Release|Any CPU.ActiveCfg = Release|Any CPU
		{3410CFDA-22CF-4EA5-A89F-02266B14179E}.Release|Any CPU.Build.0 = Release|Any CPU
	EndGlobalSection
	GlobalSection(SolutionProperties) = preSolution
		HideSolutionNode = FALSE
	EndGlobalSection
	GlobalSection(ExtensibilityGlobals) = postSolution
		SolutionGuid = {1C979B68-7328-46C8-82D0-08BB42FEF511}
	EndGlobalSection
EndGlobal
